
Microsoft Visual Studio Solution File, Format Version 12.00
# Visual Studio Version 16
VisualStudioVersion = 16.0.30709.132
MinimumVisualStudioVersion = 10.0.40219.1
Project("{FAE04EC0-301F-11D3-BF4B-00C04F79EFBC}") = "Superheroes", "Superheroes\Superheroes.csproj", "{17EE3F38-4C34-4F31-BB31-0A4D9EDE426B}"
EndProject
Global
	GlobalSection(SolutionConfigurationPlatforms) = preSolution
		Debug|Any CPU = Debug|Any CPU
		Release|Any CPU = Release|Any CPU
	EndGlobalSection
	GlobalSection(ProjectConfigurationPlatforms) = postSolution
		{17EE3F38-4C34-4F31-BB31-0A4D9EDE426B}.Debug|Any CPU.ActiveCfg = Debug|Any CPU
		{17EE3F38-4C34-4F31-BB31-0A4D9EDE426B}.Debug|Any CPU.Build.0 = Debug|Any CPU
		{17EE3F38-4C34-4F31-BB31-0A4D9EDE426B}.Release|Any CPU.ActiveCfg = Release|Any CPU
		{17EE3F38-4C34-4F31-BB31-0A4D9EDE426B}.Release|Any CPU.Build.0 = Release|Any CPU
	EndGlobalSection
	GlobalSection(SolutionProperties) = preSolution
		HideSolutionNode = FALSE
	EndGlobalSection
	GlobalSection(ExtensibilityGlobals) = postSolution
		SolutionGuid = {524364A4-7CC1-4B0D-A7C1-F55D13C727EB}
	EndGlobalSection
EndGlobal
